// !$*UTF8*$!
{
	archiveVersion = 1;
	classes = {
	};
	objectVersion = 50;
	objects = {

/* Begin PBXBuildFile section */
		57E6CDE853643A070C9687E9 /* Pods_AVPlayerTests.framework in Frameworks */ = {isa = PBXBuildFile; fileRef = 251E2AE2D3E34A2F111F624E /* Pods_AVPlayerTests.framework */; };
		60D3821C1E27B911D60E1F9B /* Pods_AVPlayerUITests.framework in Frameworks */ = {isa = PBXBuildFile; fileRef = 2EDEE09A5BB988C15CB820D6 /* Pods_AVPlayerUITests.framework */; };
		B7F5E0778B2B3E61CD7CFF8A /* Pods_AVPlayer.framework in Frameworks */ = {isa = PBXBuildFile; fileRef = 155390EAB8A4B7BD84705876 /* Pods_AVPlayer.framework */; };
		B885DA17213F682D00F6F989 /* AppDelegate.swift in Sources */ = {isa = PBXBuildFile; fileRef = B885DA16213F682D00F6F989 /* AppDelegate.swift */; };
		B885DA19213F682D00F6F989 /* ViewController.swift in Sources */ = {isa = PBXBuildFile; fileRef = B885DA18213F682D00F6F989 /* ViewController.swift */; };
		B885DA1C213F682D00F6F989 /* Main.storyboard in Resources */ = {isa = PBXBuildFile; fileRef = B885DA1A213F682D00F6F989 /* Main.storyboard */; };
		B885DA1E213F683000F6F989 /* Assets.xcassets in Resources */ = {isa = PBXBuildFile; fileRef = B885DA1D213F683000F6F989 /* Assets.xcassets */; };
		B885DA21213F683000F6F989 /* LaunchScreen.storyboard in Resources */ = {isa = PBXBuildFile; fileRef = B885DA1F213F683000F6F989 /* LaunchScreen.storyboard */; };
		B885DA2C213F683000F6F989 /* AVPlayerTests.swift in Sources */ = {isa = PBXBuildFile; fileRef = B885DA2B213F683000F6F989 /* AVPlayerTests.swift */; };
		B885DA37213F683000F6F989 /* AVPlayerUITests.swift in Sources */ = {isa = PBXBuildFile; fileRef = B885DA36213F683000F6F989 /* AVPlayerUITests.swift */; };
/* End PBXBuildFile section */

/* Begin PBXContainerItemProxy section */
		B885DA28213F683000F6F989 /* PBXContainerItemProxy */ = {
			isa = PBXContainerItemProxy;
			containerPortal = B885DA0B213F682D00F6F989 /* Project object */;
			proxyType = 1;
			remoteGlobalIDString = B885DA12213F682D00F6F989;
			remoteInfo = AVPlayer;
		};
		B885DA33213F683000F6F989 /* PBXContainerItemProxy */ = {
			isa = PBXContainerItemProxy;
			containerPortal = B885DA0B213F682D00F6F989 /* Project object */;
			proxyType = 1;
			remoteGlobalIDString = B885DA12213F682D00F6F989;
			remoteInfo = AVPlayer;
		};
/* End PBXContainerItemProxy section */

/* Begin PBXFileReference section */
		0676F6F02E624F680F3928B1 /* Pods-AVPlayer.release.xcconfig */ = {isa = PBXFileReference; includeInIndex = 1; lastKnownFileType = text.xcconfig; name = "Pods-AVPlayer.release.xcconfig"; path = "Pods/Target Support Files/Pods-AVPlayer/Pods-AVPlayer.release.xcconfig"; sourceTree = "<group>"; };
		155390EAB8A4B7BD84705876 /* Pods_AVPlayer.framework */ = {isa = PBXFileReference; explicitFileType = wrapper.framework; includeInIndex = 0; path = Pods_AVPlayer.framework; sourceTree = BUILT_PRODUCTS_DIR; };
		251E2AE2D3E34A2F111F624E /* Pods_AVPlayerTests.framework */ = {isa = PBXFileReference; explicitFileType = wrapper.framework; includeInIndex = 0; path = Pods_AVPlayerTests.framework; sourceTree = BUILT_PRODUCTS_DIR; };
		2EDEE09A5BB988C15CB820D6 /* Pods_AVPlayerUITests.framework */ = {isa = PBXFileReference; explicitFileType = wrapper.framework; includeInIndex = 0; path = Pods_AVPlayerUITests.framework; sourceTree = BUILT_PRODUCTS_DIR; };
		423BC62BCB714DD29867F702 /* Pods-AVPlayerUITests.debug.xcconfig */ = {isa = PBXFileReference; includeInIndex = 1; lastKnownFileType = text.xcconfig; name = "Pods-AVPlayerUITests.debug.xcconfig"; path = "Pods/Target Support Files/Pods-AVPlayerUITests/Pods-AVPlayerUITests.debug.xcconfig"; sourceTree = "<group>"; };
		5304C1EA62ED747915F70154 /* Pods-AVPlayer.debug.xcconfig */ = {isa = PBXFileReference; includeInIndex = 1; lastKnownFileType = text.xcconfig; name = "Pods-AVPlayer.debug.xcconfig"; path = "Pods/Target Support Files/Pods-AVPlayer/Pods-AVPlayer.debug.xcconfig"; sourceTree = "<group>"; };
		5E1ED26DF0830F92CB773639 /* Pods-AVPlayerUITests.release.xcconfig */ = {isa = PBXFileReference; includeInIndex = 1; lastKnownFileType = text.xcconfig; name = "Pods-AVPlayerUITests.release.xcconfig"; path = "Pods/Target Support Files/Pods-AVPlayerUITests/Pods-AVPlayerUITests.release.xcconfig"; sourceTree = "<group>"; };
		7D87BC320FBC2B51E612400D /* Pods-AVPlayerTests.debug.xcconfig */ = {isa = PBXFileReference; includeInIndex = 1; lastKnownFileType = text.xcconfig; name = "Pods-AVPlayerTests.debug.xcconfig"; path = "Pods/Target Support Files/Pods-AVPlayerTests/Pods-AVPlayerTests.debug.xcconfig"; sourceTree = "<group>"; };
		B885DA13213F682D00F6F989 /* AVPlayer.app */ = {isa = PBXFileReference; explicitFileType = wrapper.application; includeInIndex = 0; path = AVPlayer.app; sourceTree = BUILT_PRODUCTS_DIR; };
		B885DA16213F682D00F6F989 /* AppDelegate.swift */ = {isa = PBXFileReference; lastKnownFileType = sourcecode.swift; path = AppDelegate.swift; sourceTree = "<group>"; };
		B885DA18213F682D00F6F989 /* ViewController.swift */ = {isa = PBXFileReference; lastKnownFileType = sourcecode.swift; path = ViewController.swift; sourceTree = "<group>"; };
		B885DA1B213F682D00F6F989 /* Base */ = {isa = PBXFileReference; lastKnownFileType = file.storyboard; name = Base; path = Base.lproj/Main.storyboard; sourceTree = "<group>"; };
		B885DA1D213F683000F6F989 /* Assets.xcassets */ = {isa = PBXFileReference; lastKnownFileType = folder.assetcatalog; path = Assets.xcassets; sourceTree = "<group>"; };
		B885DA20213F683000F6F989 /* Base */ = {isa = PBXFileReference; lastKnownFileType = file.storyboard; name = Base; path = Base.lproj/LaunchScreen.storyboard; sourceTree = "<group>"; };
		B885DA22213F683000F6F989 /* Info.plist */ = {isa = PBXFileReference; lastKnownFileType = text.plist.xml; path = Info.plist; sourceTree = "<group>"; };
		B885DA27213F683000F6F989 /* AVPlayerTests.xctest */ = {isa = PBXFileReference; explicitFileType = wrapper.cfbundle; includeInIndex = 0; path = AVPlayerTests.xctest; sourceTree = BUILT_PRODUCTS_DIR; };
		B885DA2B213F683000F6F989 /* AVPlayerTests.swift */ = {isa = PBXFileReference; lastKnownFileType = sourcecode.swift; path = AVPlayerTests.swift; sourceTree = "<group>"; };
		B885DA2D213F683000F6F989 /* Info.plist */ = {isa = PBXFileReference; lastKnownFileType = text.plist.xml; path = Info.plist; sourceTree = "<group>"; };
		B885DA32213F683000F6F989 /* AVPlayerUITests.xctest */ = {isa = PBXFileReference; explicitFileType = wrapper.cfbundle; includeInIndex = 0; path = AVPlayerUITests.xctest; sourceTree = BUILT_PRODUCTS_DIR; };
		B885DA36213F683000F6F989 /* AVPlayerUITests.swift */ = {isa = PBXFileReference; lastKnownFileType = sourcecode.swift; path = AVPlayerUITests.swift; sourceTree = "<group>"; };
		B885DA38213F683000F6F989 /* Info.plist */ = {isa = PBXFileReference; lastKnownFileType = text.plist.xml; path = Info.plist; sourceTree = "<group>"; };
		CDAAA7EE4F98F557EC8D8BD0 /* Pods-AVPlayerTests.release.xcconfig */ = {isa = PBXFileReference; includeInIndex = 1; lastKnownFileType = text.xcconfig; name = "Pods-AVPlayerTests.release.xcconfig"; path = "Pods/Target Support Files/Pods-AVPlayerTests/Pods-AVPlayerTests.release.xcconfig"; sourceTree = "<group>"; };
/* End PBXFileReference section */

/* Begin PBXFrameworksBuildPhase section */
		B885DA10213F682D00F6F989 /* Frameworks */ = {
			isa = PBXFrameworksBuildPhase;
			buildActionMask = 2147483647;
			files = (
				B7F5E0778B2B3E61CD7CFF8A /* Pods_AVPlayer.framework in Frameworks */,
			);
			runOnlyForDeploymentPostprocessing = 0;
		};
		B885DA24213F683000F6F989 /* Frameworks */ = {
			isa = PBXFrameworksBuildPhase;
			buildActionMask = 2147483647;
			files = (
				57E6CDE853643A070C9687E9 /* Pods_AVPlayerTests.framework in Frameworks */,
			);
			runOnlyForDeploymentPostprocessing = 0;
		};
		B885DA2F213F683000F6F989 /* Frameworks */ = {
			isa = PBXFrameworksBuildPhase;
			buildActionMask = 2147483647;
			files = (
				60D3821C1E27B911D60E1F9B /* Pods_AVPlayerUITests.framework in Frameworks */,
			);
			runOnlyForDeploymentPostprocessing = 0;
		};
/* End PBXFrameworksBuildPhase section */

/* Begin PBXGroup section */
		61C578C19E140134E89CF69F /* Frameworks */ = {
			isa = PBXGroup;
			children = (
				155390EAB8A4B7BD84705876 /* Pods_AVPlayer.framework */,
				251E2AE2D3E34A2F111F624E /* Pods_AVPlayerTests.framework */,
				2EDEE09A5BB988C15CB820D6 /* Pods_AVPlayerUITests.framework */,
			);
			name = Frameworks;
			sourceTree = "<group>";
		};
		B885DA0A213F682D00F6F989 = {
			isa = PBXGroup;
			children = (
				B885DA15213F682D00F6F989 /* AVPlayer */,
				B885DA2A213F683000F6F989 /* AVPlayerTests */,
				B885DA35213F683000F6F989 /* AVPlayerUITests */,
				B885DA14213F682D00F6F989 /* Products */,
				BD6CDE0E1ECA926C1889856D /* Pods */,
				61C578C19E140134E89CF69F /* Frameworks */,
			);
			sourceTree = "<group>";
		};
		B885DA14213F682D00F6F989 /* Products */ = {
			isa = PBXGroup;
			children = (
				B885DA13213F682D00F6F989 /* AVPlayer.app */,
				B885DA27213F683000F6F989 /* AVPlayerTests.xctest */,
				B885DA32213F683000F6F989 /* AVPlayerUITests.xctest */,
			);
			name = Products;
			sourceTree = "<group>";
		};
		B885DA15213F682D00F6F989 /* AVPlayer */ = {
			isa = PBXGroup;
			children = (
				B885DA16213F682D00F6F989 /* AppDelegate.swift */,
				B885DA18213F682D00F6F989 /* ViewController.swift */,
				B885DA1A213F682D00F6F989 /* Main.storyboard */,
				B885DA1D213F683000F6F989 /* Assets.xcassets */,
				B885DA1F213F683000F6F989 /* LaunchScreen.storyboard */,
				B885DA22213F683000F6F989 /* Info.plist */,
			);
			path = AVPlayer;
			sourceTree = "<group>";
		};
		B885DA2A213F683000F6F989 /* AVPlayerTests */ = {
			isa = PBXGroup;
			children = (
				B885DA2B213F683000F6F989 /* AVPlayerTests.swift */,
				B885DA2D213F683000F6F989 /* Info.plist */,
			);
			path = AVPlayerTests;
			sourceTree = "<group>";
		};
		B885DA35213F683000F6F989 /* AVPlayerUITests */ = {
			isa = PBXGroup;
			children = (
				B885DA36213F683000F6F989 /* AVPlayerUITests.swift */,
				B885DA38213F683000F6F989 /* Info.plist */,
			);
			path = AVPlayerUITests;
			sourceTree = "<group>";
		};
		BD6CDE0E1ECA926C1889856D /* Pods */ = {
			isa = PBXGroup;
			children = (
				5304C1EA62ED747915F70154 /* Pods-AVPlayer.debug.xcconfig */,
				0676F6F02E624F680F3928B1 /* Pods-AVPlayer.release.xcconfig */,
				7D87BC320FBC2B51E612400D /* Pods-AVPlayerTests.debug.xcconfig */,
				CDAAA7EE4F98F557EC8D8BD0 /* Pods-AVPlayerTests.release.xcconfig */,
				423BC62BCB714DD29867F702 /* Pods-AVPlayerUITests.debug.xcconfig */,
				5E1ED26DF0830F92CB773639 /* Pods-AVPlayerUITests.release.xcconfig */,
			);
			name = Pods;
			sourceTree = "<group>";
		};
/* End PBXGroup section */

/* Begin PBXNativeTarget section */
		B885DA12213F682D00F6F989 /* AVPlayer */ = {
			isa = PBXNativeTarget;
			buildConfigurationList = B885DA3B213F683000F6F989 /* Build configuration list for PBXNativeTarget "AVPlayer" */;
			buildPhases = (
				0D3DB84E2A4771FCAE41EAF9 /* [CP] Check Pods Manifest.lock */,
				B885DA0F213F682D00F6F989 /* Sources */,
				B885DA10213F682D00F6F989 /* Frameworks */,
				B885DA11213F682D00F6F989 /* Resources */,
				D43FE8880D769CC473CFC231 /* [CP] Embed Pods Frameworks */,
				D902A105DDBAF9948D145E69 /* [CP] Copy Pods Resources */,
			);
			buildRules = (
			);
			dependencies = (
			);
			name = AVPlayer;
			productName = AVPlayer;
			productReference = B885DA13213F682D00F6F989 /* AVPlayer.app */;
			productType = "com.apple.product-type.application";
		};
		B885DA26213F683000F6F989 /* AVPlayerTests */ = {
			isa = PBXNativeTarget;
			buildConfigurationList = B885DA3E213F683000F6F989 /* Build configuration list for PBXNativeTarget "AVPlayerTests" */;
			buildPhases = (
				93761DF319568CE732EE5BFA /* [CP] Check Pods Manifest.lock */,
				B885DA23213F683000F6F989 /* Sources */,
				B885DA24213F683000F6F989 /* Frameworks */,
				B885DA25213F683000F6F989 /* Resources */,
				CF15E131A5C928AF7909F38B /* [CP] Embed Pods Frameworks */,
				DC2E51E5DBCEDAD2CE47024D /* [CP] Copy Pods Resources */,
			);
			buildRules = (
			);
			dependencies = (
				B885DA29213F683000F6F989 /* PBXTargetDependency */,
			);
			name = AVPlayerTests;
			productName = AVPlayerTests;
			productReference = B885DA27213F683000F6F989 /* AVPlayerTests.xctest */;
			productType = "com.apple.product-type.bundle.unit-test";
		};
		B885DA31213F683000F6F989 /* AVPlayerUITests */ = {
			isa = PBXNativeTarget;
			buildConfigurationList = B885DA41213F683000F6F989 /* Build configuration list for PBXNativeTarget "AVPlayerUITests" */;
			buildPhases = (
				3619D095986AE2525602A327 /* [CP] Check Pods Manifest.lock */,
				B885DA2E213F683000F6F989 /* Sources */,
				B885DA2F213F683000F6F989 /* Frameworks */,
				B885DA30213F683000F6F989 /* Resources */,
				603E9D0B111AAE8AA27053AA /* [CP] Embed Pods Frameworks */,
				FDED0D4F28E00F1D8CA3A31F /* [CP] Copy Pods Resources */,
			);
			buildRules = (
			);
			dependencies = (
				B885DA34213F683000F6F989 /* PBXTargetDependency */,
			);
			name = AVPlayerUITests;
			productName = AVPlayerUITests;
			productReference = B885DA32213F683000F6F989 /* AVPlayerUITests.xctest */;
			productType = "com.apple.product-type.bundle.ui-testing";
		};
/* End PBXNativeTarget section */

/* Begin PBXProject section */
		B885DA0B213F682D00F6F989 /* Project object */ = {
			isa = PBXProject;
			attributes = {
				LastSwiftUpdateCheck = 0940;
				LastUpgradeCheck = 0940;
				ORGANIZATIONNAME = aryzae;
				TargetAttributes = {
					B885DA12213F682D00F6F989 = {
						CreatedOnToolsVersion = 9.4.1;
					};
					B885DA26213F683000F6F989 = {
						CreatedOnToolsVersion = 9.4.1;
						TestTargetID = B885DA12213F682D00F6F989;
					};
					B885DA31213F683000F6F989 = {
						CreatedOnToolsVersion = 9.4.1;
						TestTargetID = B885DA12213F682D00F6F989;
					};
				};
			};
			buildConfigurationList = B885DA0E213F682D00F6F989 /* Build configuration list for PBXProject "AVPlayer" */;
			compatibilityVersion = "Xcode 9.3";
			developmentRegion = en;
			hasScannedForEncodings = 0;
			knownRegions = (
				en,
				Base,
			);
			mainGroup = B885DA0A213F682D00F6F989;
			productRefGroup = B885DA14213F682D00F6F989 /* Products */;
			projectDirPath = "";
			projectRoot = "";
			targets = (
				B885DA12213F682D00F6F989 /* AVPlayer */,
				B885DA26213F683000F6F989 /* AVPlayerTests */,
				B885DA31213F683000F6F989 /* AVPlayerUITests */,
			);
		};
/* End PBXProject section */

/* Begin PBXResourcesBuildPhase section */
		B885DA11213F682D00F6F989 /* Resources */ = {
			isa = PBXResourcesBuildPhase;
			buildActionMask = 2147483647;
			files = (
				B885DA21213F683000F6F989 /* LaunchScreen.storyboard in Resources */,
				B885DA1E213F683000F6F989 /* Assets.xcassets in Resources */,
				B885DA1C213F682D00F6F989 /* Main.storyboard in Resources */,
			);
			runOnlyForDeploymentPostprocessing = 0;
		};
		B885DA25213F683000F6F989 /* Resources */ = {
			isa = PBXResourcesBuildPhase;
			buildActionMask = 2147483647;
			files = (
			);
			runOnlyForDeploymentPostprocessing = 0;
		};
		B885DA30213F683000F6F989 /* Resources */ = {
			isa = PBXResourcesBuildPhase;
			buildActionMask = 2147483647;
			files = (
			);
			runOnlyForDeploymentPostprocessing = 0;
		};
/* End PBXResourcesBuildPhase section */

/* Begin PBXShellScriptBuildPhase section */
		0D3DB84E2A4771FCAE41EAF9 /* [CP] Check Pods Manifest.lock */ = {
			isa = PBXShellScriptBuildPhase;
			buildActionMask = 2147483647;
			files = (
			);
			inputPaths = (
			);
			name = "[CP] Check Pods Manifest.lock";
			outputPaths = (
			);
			runOnlyForDeploymentPostprocessing = 0;
			shellPath = /bin/sh;
			shellScript = "diff \"${PODS_ROOT}/../Podfile.lock\" \"${PODS_ROOT}/Manifest.lock\" > /dev/null\nif [ $? != 0 ] ; then\n    # print error to STDERR\n    echo \"error: The sandbox is not in sync with the Podfile.lock. Run 'pod install' or update your CocoaPods installation.\" >&2\n    exit 1\nfi\n";
			showEnvVarsInLog = 0;
		};
		3619D095986AE2525602A327 /* [CP] Check Pods Manifest.lock */ = {
			isa = PBXShellScriptBuildPhase;
			buildActionMask = 2147483647;
			files = (
			);
			inputPaths = (
			);
			name = "[CP] Check Pods Manifest.lock";
			outputPaths = (
			);
			runOnlyForDeploymentPostprocessing = 0;
			shellPath = /bin/sh;
			shellScript = "diff \"${PODS_ROOT}/../Podfile.lock\" \"${PODS_ROOT}/Manifest.lock\" > /dev/null\nif [ $? != 0 ] ; then\n    # print error to STDERR\n    echo \"error: The sandbox is not in sync with the Podfile.lock. Run 'pod install' or update your CocoaPods installation.\" >&2\n    exit 1\nfi\n";
			showEnvVarsInLog = 0;
		};
		603E9D0B111AAE8AA27053AA /* [CP] Embed Pods Frameworks */ = {
			isa = PBXShellScriptBuildPhase;
			buildActionMask = 2147483647;
			files = (
			);
			inputPaths = (
			);
			name = "[CP] Embed Pods Frameworks";
			outputPaths = (
			);
			runOnlyForDeploymentPostprocessing = 0;
			shellPath = /bin/sh;
			shellScript = "\"${SRCROOT}/Pods/Target Support Files/Pods-AVPlayerUITests/Pods-AVPlayerUITests-frameworks.sh\"\n";
			showEnvVarsInLog = 0;
		};
		93761DF319568CE732EE5BFA /* [CP] Check Pods Manifest.lock */ = {
			isa = PBXShellScriptBuildPhase;
			buildActionMask = 2147483647;
			files = (
			);
			inputPaths = (
			);
			name = "[CP] Check Pods Manifest.lock";
			outputPaths = (
			);
			runOnlyForDeploymentPostprocessing = 0;
			shellPath = /bin/sh;
			shellScript = "diff \"${PODS_ROOT}/../Podfile.lock\" \"${PODS_ROOT}/Manifest.lock\" > /dev/null\nif [ $? != 0 ] ; then\n    # print error to STDERR\n    echo \"error: The sandbox is not in sync with the Podfile.lock. Run 'pod install' or update your CocoaPods installation.\" >&2\n    exit 1\nfi\n";
			showEnvVarsInLog = 0;
		};
		CF15E131A5C928AF7909F38B /* [CP] Embed Pods Frameworks */ = {
			isa = PBXShellScriptBuildPhase;
			buildActionMask = 2147483647;
			files = (
			);
			inputPaths = (
			);
			name = "[CP] Embed Pods Frameworks";
			outputPaths = (
			);
			runOnlyForDeploymentPostprocessing = 0;
			shellPath = /bin/sh;
			shellScript = "\"${SRCROOT}/Pods/Target Support Files/Pods-AVPlayerTests/Pods-AVPlayerTests-frameworks.sh\"\n";
			showEnvVarsInLog = 0;
		};
		D43FE8880D769CC473CFC231 /* [CP] Embed Pods Frameworks */ = {
			isa = PBXShellScriptBuildPhase;
			buildActionMask = 2147483647;
			files = (
			);
			inputPaths = (
			);
			name = "[CP] Embed Pods Frameworks";
			outputPaths = (
			);
			runOnlyForDeploymentPostprocessing = 0;
			shellPath = /bin/sh;
			shellScript = "\"${SRCROOT}/Pods/Target Support Files/Pods-AVPlayer/Pods-AVPlayer-frameworks.sh\"\n";
			showEnvVarsInLog = 0;
		};
		D902A105DDBAF9948D145E69 /* [CP] Copy Pods Resources */ = {
			isa = PBXShellScriptBuildPhase;
			buildActionMask = 2147483647;
			files = (
			);
			inputPaths = (
			);
			name = "[CP] Copy Pods Resources";
			outputPaths = (
			);
			runOnlyForDeploymentPostprocessing = 0;
			shellPath = /bin/sh;
			shellScript = "\"${SRCROOT}/Pods/Target Support Files/Pods-AVPlayer/Pods-AVPlayer-resources.sh\"\n";
			showEnvVarsInLog = 0;
		};
		DC2E51E5DBCEDAD2CE47024D /* [CP] Copy Pods Resources */ = {
			isa = PBXShellScriptBuildPhase;
			buildActionMask = 2147483647;
			files = (
			);
			inputPaths = (
			);
			name = "[CP] Copy Pods Resources";
			outputPaths = (
			);
			runOnlyForDeploymentPostprocessing = 0;
			shellPath = /bin/sh;
			shellScript = "\"${SRCROOT}/Pods/Target Support Files/Pods-AVPlayerTests/Pods-AVPlayerTests-resources.sh\"\n";
			showEnvVarsInLog = 0;
		};
		FDED0D4F28E00F1D8CA3A31F /* [CP] Copy Pods Resources */ = {
			isa = PBXShellScriptBuildPhase;
			buildActionMask = 2147483647;
			files = (
			);
			inputPaths = (
			);
			name = "[CP] Copy Pods Resources";
			outputPaths = (
			);
			runOnlyForDeploymentPostprocessing = 0;
			shellPath = /bin/sh;
			shellScript = "\"${SRCROOT}/Pods/Target Support Files/Pods-AVPlayerUITests/Pods-AVPlayerUITests-resources.sh\"\n";
			showEnvVarsInLog = 0;
		};
/* End PBXShellScriptBuildPhase section */

/* Begin PBXSourcesBuildPhase section */
		B885DA0F213F682D00F6F989 /* Sources */ = {
			isa = PBXSourcesBuildPhase;
			buildActionMask = 2147483647;
			files = (
				B885DA19213F682D00F6F989 /* ViewController.swift in Sources */,
				B885DA17213F682D00F6F989 /* AppDelegate.swift in Sources */,
			);
			runOnlyForDeploymentPostprocessing = 0;
		};
		B885DA23213F683000F6F989 /* Sources */ = {
			isa = PBXSourcesBuildPhase;
			buildActionMask = 2147483647;
			files = (
				B885DA2C213F683000F6F989 /* AVPlayerTests.swift in Sources */,
			);
			runOnlyForDeploymentPostprocessing = 0;
		};
		B885DA2E213F683000F6F989 /* Sources */ = {
			isa = PBXSourcesBuildPhase;
			buildActionMask = 2147483647;
			files = (
				B885DA37213F683000F6F989 /* AVPlayerUITests.swift in Sources */,
			);
			runOnlyForDeploymentPostprocessing = 0;
		};
/* End PBXSourcesBuildPhase section */

/* Begin PBXTargetDependency section */
		B885DA29213F683000F6F989 /* PBXTargetDependency */ = {
			isa = PBXTargetDependency;
			target = B885DA12213F682D00F6F989 /* AVPlayer */;
			targetProxy = B885DA28213F683000F6F989 /* PBXContainerItemProxy */;
		};
		B885DA34213F683000F6F989 /* PBXTargetDependency */ = {
			isa = PBXTargetDependency;
			target = B885DA12213F682D00F6F989 /* AVPlayer */;
			targetProxy = B885DA33213F683000F6F989 /* PBXContainerItemProxy */;
		};
/* End PBXTargetDependency section */

/* Begin PBXVariantGroup section */
		B885DA1A213F682D00F6F989 /* Main.storyboard */ = {
			isa = PBXVariantGroup;
			children = (
				B885DA1B213F682D00F6F989 /* Base */,
			);
			name = Main.storyboard;
			sourceTree = "<group>";
		};
		B885DA1F213F683000F6F989 /* LaunchScreen.storyboard */ = {
			isa = PBXVariantGroup;
			children = (
				B885DA20213F683000F6F989 /* Base */,
			);
			name = LaunchScreen.storyboard;
			sourceTree = "<group>";
		};
/* End PBXVariantGroup section */

/* Begin XCBuildConfiguration section */
		B885DA39213F683000F6F989 /* Debug */ = {
			isa = XCBuildConfiguration;
			buildSettings = {
				ALWAYS_SEARCH_USER_PATHS = NO;
				CLANG_ANALYZER_NONNULL = YES;
				CLANG_ANALYZER_NUMBER_OBJECT_CONVERSION = YES_AGGRESSIVE;
				CLANG_CXX_LANGUAGE_STANDARD = "gnu++14";
				CLANG_CXX_LIBRARY = "libc++";
				CLANG_ENABLE_MODULES = YES;
				CLANG_ENABLE_OBJC_ARC = YES;
				CLANG_ENABLE_OBJC_WEAK = YES;
				CLANG_WARN_BLOCK_CAPTURE_AUTORELEASING = YES;
				CLANG_WARN_BOOL_CONVERSION = YES;
				CLANG_WARN_COMMA = YES;
				CLANG_WARN_CONSTANT_CONVERSION = YES;
				CLANG_WARN_DEPRECATED_OBJC_IMPLEMENTATIONS = YES;
				CLANG_WARN_DIRECT_OBJC_ISA_USAGE = YES_ERROR;
				CLANG_WARN_DOCUMENTATION_COMMENTS = YES;
				CLANG_WARN_EMPTY_BODY = YES;
				CLANG_WARN_ENUM_CONVERSION = YES;
				CLANG_WARN_INFINITE_RECURSION = YES;
				CLANG_WARN_INT_CONVERSION = YES;
				CLANG_WARN_NON_LITERAL_NULL_CONVERSION = YES;
				CLANG_WARN_OBJC_IMPLICIT_RETAIN_SELF = YES;
				CLANG_WARN_OBJC_LITERAL_CONVERSION = YES;
				CLANG_WARN_OBJC_ROOT_CLASS = YES_ERROR;
				CLANG_WARN_RANGE_LOOP_ANALYSIS = YES;
				CLANG_WARN_STRICT_PROTOTYPES = YES;
				CLANG_WARN_SUSPICIOUS_MOVE = YES;
				CLANG_WARN_UNGUARDED_AVAILABILITY = YES_AGGRESSIVE;
				CLANG_WARN_UNREACHABLE_CODE = YES;
				CLANG_WARN__DUPLICATE_METHOD_MATCH = YES;
				CODE_SIGN_IDENTITY = "iPhone Developer";
				COPY_PHASE_STRIP = NO;
				DEBUG_INFORMATION_FORMAT = dwarf;
				ENABLE_STRICT_OBJC_MSGSEND = YES;
				ENABLE_TESTABILITY = YES;
				GCC_C_LANGUAGE_STANDARD = gnu11;
				GCC_DYNAMIC_NO_PIC = NO;
				GCC_NO_COMMON_BLOCKS = YES;
				GCC_OPTIMIZATION_LEVEL = 0;
				GCC_PREPROCESSOR_DEFINITIONS = (
					"DEBUG=1",
					"$(inherited)",
				);
				GCC_WARN_64_TO_32_BIT_CONVERSION = YES;
				GCC_WARN_ABOUT_RETURN_TYPE = YES_ERROR;
				GCC_WARN_UNDECLARED_SELECTOR = YES;
				GCC_WARN_UNINITIALIZED_AUTOS = YES_AGGRESSIVE;
				GCC_WARN_UNUSED_FUNCTION = YES;
				GCC_WARN_UNUSED_VARIABLE = YES;
				IPHONEOS_DEPLOYMENT_TARGET = 11.4;
				MTL_ENABLE_DEBUG_INFO = YES;
				ONLY_ACTIVE_ARCH = YES;
				SDKROOT = iphoneos;
				SWIFT_ACTIVE_COMPILATION_CONDITIONS = DEBUG;
				SWIFT_OPTIMIZATION_LEVEL = "-Onone";
			};
			name = Debug;
		};
		B885DA3A213F683000F6F989 /* Release */ = {
			isa = XCBuildConfiguration;
			buildSettings = {
				ALWAYS_SEARCH_USER_PATHS = NO;
				CLANG_ANALYZER_NONNULL = YES;
				CLANG_ANALYZER_NUMBER_OBJECT_CONVERSION = YES_AGGRESSIVE;
				CLANG_CXX_LANGUAGE_STANDARD = "gnu++14";
				CLANG_CXX_LIBRARY = "libc++";
				CLANG_ENABLE_MODULES = YES;
				CLANG_ENABLE_OBJC_ARC = YES;
				CLANG_ENABLE_OBJC_WEAK = YES;
				CLANG_WARN_BLOCK_CAPTURE_AUTORELEASING = YES;
				CLANG_WARN_BOOL_CONVERSION = YES;
				CLANG_WARN_COMMA = YES;
				CLANG_WARN_CONSTANT_CONVERSION = YES;
				CLANG_WARN_DEPRECATED_OBJC_IMPLEMENTATIONS = YES;
				CLANG_WARN_DIRECT_OBJC_ISA_USAGE = YES_ERROR;
				CLANG_WARN_DOCUMENTATION_COMMENTS = YES;
				CLANG_WARN_EMPTY_BODY = YES;
				CLANG_WARN_ENUM_CONVERSION = YES;
				CLANG_WARN_INFINITE_RECURSION = YES;
				CLANG_WARN_INT_CONVERSION = YES;
				CLANG_WARN_NON_LITERAL_NULL_CONVERSION = YES;
				CLANG_WARN_OBJC_IMPLICIT_RETAIN_SELF = YES;
				CLANG_WARN_OBJC_LITERAL_CONVERSION = YES;
				CLANG_WARN_OBJC_ROOT_CLASS = YES_ERROR;
				CLANG_WARN_RANGE_LOOP_ANALYSIS = YES;
				CLANG_WARN_STRICT_PROTOTYPES = YES;
				CLANG_WARN_SUSPICIOUS_MOVE = YES;
				CLANG_WARN_UNGUARDED_AVAILABILITY = YES_AGGRESSIVE;
				CLANG_WARN_UNREACHABLE_CODE = YES;
				CLANG_WARN__DUPLICATE_METHOD_MATCH = YES;
				CODE_SIGN_IDENTITY = "iPhone Developer";
				COPY_PHASE_STRIP = NO;
				DEBUG_INFORMATION_FORMAT = "dwarf-with-dsym";
				ENABLE_NS_ASSERTIONS = NO;
				ENABLE_STRICT_OBJC_MSGSEND = YES;
				GCC_C_LANGUAGE_STANDARD = gnu11;
				GCC_NO_COMMON_BLOCKS = YES;
				GCC_WARN_64_TO_32_BIT_CONVERSION = YES;
				GCC_WARN_ABOUT_RETURN_TYPE = YES_ERROR;
				GCC_WARN_UNDECLARED_SELECTOR = YES;
				GCC_WARN_UNINITIALIZED_AUTOS = YES_AGGRESSIVE;
				GCC_WARN_UNUSED_FUNCTION = YES;
				GCC_WARN_UNUSED_VARIABLE = YES;
				IPHONEOS_DEPLOYMENT_TARGET = 11.4;
				MTL_ENABLE_DEBUG_INFO = NO;
				SDKROOT = iphoneos;
				SWIFT_COMPILATION_MODE = wholemodule;
				SWIFT_OPTIMIZATION_LEVEL = "-O";
				VALIDATE_PRODUCT = YES;
			};
			name = Release;
		};
		B885DA3C213F683000F6F989 /* Debug */ = {
			isa = XCBuildConfiguration;
			baseConfigurationReference = 5304C1EA62ED747915F70154 /* Pods-AVPlayer.debug.xcconfig */;
			buildSettings = {
				ASSETCATALOG_COMPILER_APPICON_NAME = AppIcon;
				CODE_SIGN_STYLE = Automatic;
				INFOPLIST_FILE = AVPlayer/Info.plist;
				LD_RUNPATH_SEARCH_PATHS = (
					"$(inherited)",
					"@executable_path/Frameworks",
				);
				PRODUCT_BUNDLE_IDENTIFIER = aryzae.AVPlayer;
				PRODUCT_NAME = "$(TARGET_NAME)";
				SWIFT_VERSION = 4.0;
				TARGETED_DEVICE_FAMILY = "1,2";
			};
			name = Debug;
		};
		B885DA3D213F683000F6F989 /* Release */ = {
			isa = XCBuildConfiguration;
			baseConfigurationReference = 0676F6F02E624F680F3928B1 /* Pods-AVPlayer.release.xcconfig */;
			buildSettings = {
				ASSETCATALOG_COMPILER_APPICON_NAME = AppIcon;
				CODE_SIGN_STYLE = Automatic;
				INFOPLIST_FILE = AVPlayer/Info.plist;
				LD_RUNPATH_SEARCH_PATHS = (
					"$(inherited)",
					"@executable_path/Frameworks",
				);
				PRODUCT_BUNDLE_IDENTIFIER = aryzae.AVPlayer;
				PRODUCT_NAME = "$(TARGET_NAME)";
				SWIFT_VERSION = 4.0;
				TARGETED_DEVICE_FAMILY = "1,2";
			};
			name = Release;
		};
		B885DA3F213F683000F6F989 /* Debug */ = {
			isa = XCBuildConfiguration;
			baseConfigurationReference = 7D87BC320FBC2B51E612400D /* Pods-AVPlayerTests.debug.xcconfig */;
			buildSettings = {
				ALWAYS_EMBED_SWIFT_STANDARD_LIBRARIES = YES;
				BUNDLE_LOADER = "$(TEST_HOST)";
				CODE_SIGN_STYLE = Automatic;
				INFOPLIST_FILE = AVPlayerTests/Info.plist;
				LD_RUNPATH_SEARCH_PATHS = (
					"$(inherited)",
					"@executable_path/Frameworks",
					"@loader_path/Frameworks",
				);
				PRODUCT_BUNDLE_IDENTIFIER = aryzae.AVPlayerTests;
				PRODUCT_NAME = "$(TARGET_NAME)";
				SWIFT_VERSION = 4.0;
				TARGETED_DEVICE_FAMILY = "1,2";
				TEST_HOST = "$(BUILT_PRODUCTS_DIR)/AVPlayer.app/AVPlayer";
			};
			name = Debug;
		};
		B885DA40213F683000F6F989 /* Release */ = {
			isa = XCBuildConfiguration;
			baseConfigurationReference = CDAAA7EE4F98F557EC8D8BD0 /* Pods-AVPlayerTests.release.xcconfig */;
			buildSettings = {
				ALWAYS_EMBED_SWIFT_STANDARD_LIBRARIES = YES;
				BUNDLE_LOADER = "$(TEST_HOST)";
				CODE_SIGN_STYLE = Automatic;
				INFOPLIST_FILE = AVPlayerTests/Info.plist;
				LD_RUNPATH_SEARCH_PATHS = (
					"$(inherited)",
					"@executable_path/Frameworks",
					"@loader_path/Frameworks",
				);
				PRODUCT_BUNDLE_IDENTIFIER = aryzae.AVPlayerTests;
				PRODUCT_NAME = "$(TARGET_NAME)";
				SWIFT_VERSION = 4.0;
				TARGETED_DEVICE_FAMILY = "1,2";
				TEST_HOST = "$(BUILT_PRODUCTS_DIR)/AVPlayer.app/AVPlayer";
			};
			name = Release;
		};
		B885DA42213F683000F6F989 /* Debug */ = {
			isa = XCBuildConfiguration;
			baseConfigurationReference = 423BC62BCB714DD29867F702 /* Pods-AVPlayerUITests.debug.xcconfig */;
			buildSettings = {
				ALWAYS_EMBED_SWIFT_STANDARD_LIBRARIES = YES;
				CODE_SIGN_STYLE = Automatic;
				INFOPLIST_FILE = AVPlayerUITests/Info.plist;
				LD_RUNPATH_SEARCH_PATHS = (
					"$(inherited)",
					"@executable_path/Frameworks",
					"@loader_path/Frameworks",
				);
				PRODUCT_BUNDLE_IDENTIFIER = aryzae.AVPlayerUITests;
				PRODUCT_NAME = "$(TARGET_NAME)";
				SWIFT_VERSION = 4.0;
				TARGETED_DEVICE_FAMILY = "1,2";
				TEST_TARGET_NAME = AVPlayer;
			};
			name = Debug;
		};
		B885DA43213F683000F6F989 /* Release */ = {
			isa = XCBuildConfiguration;
			baseConfigurationReference = 5E1ED26DF0830F92CB773639 /* Pods-AVPlayerUITests.release.xcconfig */;
			buildSettings = {
				ALWAYS_EMBED_SWIFT_STANDARD_LIBRARIES = YES;
				CODE_SIGN_STYLE = Automatic;
				INFOPLIST_FILE = AVPlayerUITests/Info.plist;
				LD_RUNPATH_SEARCH_PATHS = (
					"$(inherited)",
					"@executable_path/Frameworks",
					"@loader_path/Frameworks",
				);
				PRODUCT_BUNDLE_IDENTIFIER = aryzae.AVPlayerUITests;
				PRODUCT_NAME = "$(TARGET_NAME)";
				SWIFT_VERSION = 4.0;
				TARGETED_DEVICE_FAMILY = "1,2";
				TEST_TARGET_NAME = AVPlayer;
			};
			name = Release;
		};
/* End XCBuildConfiguration section */

/* Begin XCConfigurationList section */
		B885DA0E213F682D00F6F989 /* Build configuration list for PBXProject "AVPlayer" */ = {
			isa = XCConfigurationList;
			buildConfigurations = (
				B885DA39213F683000F6F989 /* Debug */,
				B885DA3A213F683000F6F989 /* Release */,
			);
			defaultConfigurationIsVisible = 0;
			defaultConfigurationName = Release;
		};
		B885DA3B213F683000F6F989 /* Build configuration list for PBXNativeTarget "AVPlayer" */ = {
			isa = XCConfigurationList;
			buildConfigurations = (
				B885DA3C213F683000F6F989 /* Debug */,
				B885DA3D213F683000F6F989 /* Release */,
			);
			defaultConfigurationIsVisible = 0;
			defaultConfigurationName = Release;
		};
		B885DA3E213F683000F6F989 /* Build configuration list for PBXNativeTarget "AVPlayerTests" */ = {
			isa = XCConfigurationList;
			buildConfigurations = (
				B885DA3F213F683000F6F989 /* Debug */,
				B885DA40213F683000F6F989 /* Release */,
			);
			defaultConfigurationIsVisible = 0;
			defaultConfigurationName = Release;
		};
		B885DA41213F683000F6F989 /* Build configuration list for PBXNativeTarget "AVPlayerUITests" */ = {
			isa = XCConfigurationList;
			buildConfigurations = (
				B885DA42213F683000F6F989 /* Debug */,
				B885DA43213F683000F6F989 /* Release */,
			);
			defaultConfigurationIsVisible = 0;
			defaultConfigurationName = Release;
		};
/* End XCConfigurationList section */
	};
	rootObject = B885DA0B213F682D00F6F989 /* Project object */;
}
